
Microsoft Visual Studio Solution File, Format Version 12.00
# Visual Studio 15
VisualStudioVersion = 15.0.27703.2018
MinimumVisualStudioVersion = 10.0.40219.1
Project("{FAE04EC0-301F-11D3-BF4B-00C04F79EFBC}") = "WebDbEmployees", "WebDbEmployees\WebDbEmployees.csproj", "{ED8F6C2D-2A5B-426B-9C6B-C1642CDCD179}"
EndProject
Global
	GlobalSection(SolutionConfigurationPlatforms) = preSolution
		Debug|Any CPU = Debug|Any CPU
		Release|Any CPU = Release|Any CPU
	EndGlobalSection
	GlobalSection(ProjectConfigurationPlatforms) = postSolution
		{ED8F6C2D-2A5B-426B-9C6B-C1642CDCD179}.Debug|Any CPU.ActiveCfg = Debug|Any CPU
		{ED8F6C2D-2A5B-426B-9C6B-C1642CDCD179}.Debug|Any CPU.Build.0 = Debug|Any CPU
		{ED8F6C2D-2A5B-426B-9C6B-C1642CDCD179}.Release|Any CPU.ActiveCfg = Release|Any CPU
		{ED8F6C2D-2A5B-426B-9C6B-C1642CDCD179}.Release|Any CPU.Build.0 = Release|Any CPU
	EndGlobalSection
	GlobalSection(SolutionProperties) = preSolution
		HideSolutionNode = FALSE
	EndGlobalSection
	GlobalSection(ExtensibilityGlobals) = postSolution
		SolutionGuid = {12398D1D-DDA1-4B59-9DEA-915368FB2B25}
	EndGlobalSection
EndGlobal
